
Microsoft Visual Studio Solution File, Format Version 12.00
# Visual Studio 15
VisualStudioVersion = 15.0.28307.852
MinimumVisualStudioVersion = 10.0.40219.1
Project("{FAE04EC0-301F-11D3-BF4B-00C04F79EFBC}") = "SistemaRA.2", "SistemaRA.2\SistemaRA.2.csproj", "{8A09A490-654F-4325-AC39-FA1699ADF3BE}"
EndProject
Global
	GlobalSection(SolutionConfigurationPlatforms) = preSolution
		Debug|Any CPU = Debug|Any CPU
		Release|Any CPU = Release|Any CPU
	EndGlobalSection
	GlobalSection(ProjectConfigurationPlatforms) = postSolution
		{8A09A490-654F-4325-AC39-FA1699ADF3BE}.Debug|Any CPU.ActiveCfg = Debug|Any CPU
		{8A09A490-654F-4325-AC39-FA1699ADF3BE}.Debug|Any CPU.Build.0 = Debug|Any CPU
		{8A09A490-654F-4325-AC39-FA1699ADF3BE}.Release|Any CPU.ActiveCfg = Release|Any CPU
		{8A09A490-654F-4325-AC39-FA1699ADF3BE}.Release|Any CPU.Build.0 = Release|Any CPU
	EndGlobalSection
	GlobalSection(SolutionProperties) = preSolution
		HideSolutionNode = FALSE
	EndGlobalSection
	GlobalSection(ExtensibilityGlobals) = postSolution
		SolutionGuid = {2E5D9A6F-F20D-492B-BBBD-51C79DD56150}
	EndGlobalSection
EndGlobal
